{
  "name": "assets",
  "lockfileVersion": 2,
  "requires": true,
  "packages": {
    "": {
      "dependencies": {
        "chart.js": "^3.8.0",
        "chartjs-adapter-luxon": "^1.1.0",
        "chartjs-plugin-streaming": "^2.0.0",
        "luxon": "^2.4.0"
      }
    },
    "node_modules/chart.js": {
      "version": "3.8.0",
      "resolved": "https://registry.npmjs.org/chart.js/-/chart.js-3.8.0.tgz",
      "integrity": "sha512-cr8xhrXjLIXVLOBZPkBZVF6NDeiVIrPLHcMhnON7UufudL+CNeRrD+wpYanswlm8NpudMdrt3CHoLMQMxJhHRg=="
    },
    "node_modules/chartjs-adapter-luxon": {
      "version": "1.1.0",
      "resolved": "https://registry.npmjs.org/chartjs-adapter-luxon/-/chartjs-adapter-luxon-1.1.0.tgz",
      "integrity": "sha512-CS+xBWEyXYVLBZ3dSY/MwlSXhz8er4JjkApazY84ft/++oOLsmkt6TaXBCsUFudum7QdoYmpxiL/gSp20+emkw==",
      "peerDependencies": {
        "chart.js": "^3.0.0",
        "luxon": "^1.0.0 || ^2.0.0"
      }
    },
    "node_modules/chartjs-plugin-streaming": {
      "version": "2.0.0",
      "resolved": "https://registry.npmjs.org/chartjs-plugin-streaming/-/chartjs-plugin-streaming-2.0.0.tgz",
      "integrity": "sha512-oBwHRmovGbPDS1h8PhpttnlKjI6eiJO13v4h+xz+mfbHhIc+iNF9xuMobCIFMKFH7rlVWi5TJAOIxoXyGElYYg==",
      "peerDependencies": {
        "chart.js": "^3.0.0"
      }
    },
    "node_modules/luxon": {
      "version": "2.4.0",
      "resolved": "https://registry.npmjs.org/luxon/-/luxon-2.4.0.tgz",
      "integrity": "sha512-w+NAwWOUL5hO0SgwOHsMBAmZ15SoknmQXhSO0hIbJCAmPKSsGeK8MlmhYh2w6Iib38IxN2M+/ooXWLbeis7GuA==",
      "engines": {
        "node": ">=12"
      }
    }
  },
  "dependencies": {
    "chart.js": {
      "version": "3.8.0",
      "resolved": "https://registry.npmjs.org/chart.js/-/chart.js-3.8.0.tgz",
      "integrity": "sha512-cr8xhrXjLIXVLOBZPkBZVF6NDeiVIrPLHcMhnON7UufudL+CNeRrD+wpYanswlm8NpudMdrt3CHoLMQMxJhHRg=="
    },
    "chartjs-adapter-luxon": {
      "version": "1.1.0",
      "resolved": "https://registry.npmjs.org/chartjs-adapter-luxon/-/chartjs-adapter-luxon-1.1.0.tgz",
      "integrity": "sha512-CS+xBWEyXYVLBZ3dSY/MwlSXhz8er4JjkApazY84ft/++oOLsmkt6TaXBCsUFudum7QdoYmpxiL/gSp20+emkw==",
      "requires": {}
    },
    "chartjs-plugin-streaming": {
      "version": "2.0.0",
      "resolved": "https://registry.npmjs.org/chartjs-plugin-streaming/-/chartjs-plugin-streaming-2.0.0.tgz",
      "integrity": "sha512-oBwHRmovGbPDS1h8PhpttnlKjI6eiJO13v4h+xz+mfbHhIc+iNF9xuMobCIFMKFH7rlVWi5TJAOIxoXyGElYYg==",
      "requires": {}
    },
    "luxon": {
      "version": "2.4.0",
      "resolved": "https://registry.npmjs.org/luxon/-/luxon-2.4.0.tgz",
      "integrity": "sha512-w+NAwWOUL5hO0SgwOHsMBAmZ15SoknmQXhSO0hIbJCAmPKSsGeK8MlmhYh2w6Iib38IxN2M+/ooXWLbeis7GuA=="
    }
  }
}
